// !$*UTF8*$!
{
	archiveVersion = 1;
	classes = {
	};
	objectVersion = 46;
	objects = {

/* Begin PBXBuildFile section */
		7A7AA2641C537EE10046BC16 /* EmojiStringTests.m in Sources */ = {isa = PBXBuildFile; fileRef = 7A7AA2631C537EE10046BC16 /* EmojiStringTests.m */; };
		7AC978CB1C52D45C00990846 /* EMOAppDelegate.m in Sources */ = {isa = PBXBuildFile; fileRef = 7AC978C81C52D45C00990846 /* EMOAppDelegate.m */; };
		7AC978CC1C52D45C00990846 /* EMOViewController.m in Sources */ = {isa = PBXBuildFile; fileRef = 7AC978CA1C52D45C00990846 /* EMOViewController.m */; };
		7AC978D01C52D46200990846 /* NSString+EMOEmoji.m in Sources */ = {isa = PBXBuildFile; fileRef = 7AC978CF1C52D46200990846 /* NSString+EMOEmoji.m */; };
		C048F0801C3EB734007B5A81 /* main.m in Sources */ = {isa = PBXBuildFile; fileRef = C048F07F1C3EB734007B5A81 /* main.m */; };
		C048F0891C3EB734007B5A81 /* Main.storyboard in Resources */ = {isa = PBXBuildFile; fileRef = C048F0871C3EB734007B5A81 /* Main.storyboard */; };
		C048F08B1C3EB734007B5A81 /* Assets.xcassets in Resources */ = {isa = PBXBuildFile; fileRef = C048F08A1C3EB734007B5A81 /* Assets.xcassets */; };
/* End PBXBuildFile section */

/* Begin PBXContainerItemProxy section */
		7A7AA2661C537EE10046BC16 /* PBXContainerItemProxy */ = {
			isa = PBXContainerItemProxy;
			containerPortal = C048F0731C3EB734007B5A81 /* Project object */;
			proxyType = 1;
			remoteGlobalIDString = C048F07A1C3EB734007B5A81;
			remoteInfo = EmojiString;
		};
/* End PBXContainerItemProxy section */

/* Begin PBXFileReference section */
		7A7AA2611C537EE10046BC16 /* EmojiStringTests.xctest */ = {isa = PBXFileReference; explicitFileType = wrapper.cfbundle; includeInIndex = 0; path = EmojiStringTests.xctest; sourceTree = BUILT_PRODUCTS_DIR; };
		7A7AA2631C537EE10046BC16 /* EmojiStringTests.m */ = {isa = PBXFileReference; lastKnownFileType = sourcecode.c.objc; path = EmojiStringTests.m; sourceTree = "<group>"; };
		7A7AA2651C537EE10046BC16 /* Info.plist */ = {isa = PBXFileReference; lastKnownFileType = text.plist.xml; path = Info.plist; sourceTree = "<group>"; };
		7AC978C71C52D45C00990846 /* EMOAppDelegate.h */ = {isa = PBXFileReference; fileEncoding = 4; lastKnownFileType = sourcecode.c.h; path = EMOAppDelegate.h; sourceTree = "<group>"; };
		7AC978C81C52D45C00990846 /* EMOAppDelegate.m */ = {isa = PBXFileReference; fileEncoding = 4; lastKnownFileType = sourcecode.c.objc; path = EMOAppDelegate.m; sourceTree = "<group>"; };
		7AC978C91C52D45C00990846 /* EMOViewController.h */ = {isa = PBXFileReference; fileEncoding = 4; lastKnownFileType = sourcecode.c.h; path = EMOViewController.h; sourceTree = "<group>"; };
		7AC978CA1C52D45C00990846 /* EMOViewController.m */ = {isa = PBXFileReference; fileEncoding = 4; lastKnownFileType = sourcecode.c.objc; path = EMOViewController.m; sourceTree = "<group>"; };
		7AC978CE1C52D46200990846 /* NSString+EMOEmoji.h */ = {isa = PBXFileReference; fileEncoding = 4; lastKnownFileType = sourcecode.c.h; path = "NSString+EMOEmoji.h"; sourceTree = "<group>"; };
		7AC978CF1C52D46200990846 /* NSString+EMOEmoji.m */ = {isa = PBXFileReference; fileEncoding = 4; lastKnownFileType = sourcecode.c.objc; path = "NSString+EMOEmoji.m"; sourceTree = "<group>"; };
		C048F07B1C3EB734007B5A81 /* EmojiString.app */ = {isa = PBXFileReference; explicitFileType = wrapper.application; includeInIndex = 0; path = EmojiString.app; sourceTree = BUILT_PRODUCTS_DIR; };
		C048F07F1C3EB734007B5A81 /* main.m */ = {isa = PBXFileReference; lastKnownFileType = sourcecode.c.objc; path = main.m; sourceTree = "<group>"; };
		C048F0881C3EB734007B5A81 /* Base */ = {isa = PBXFileReference; lastKnownFileType = file.storyboard; name = Base; path = Base.lproj/Main.storyboard; sourceTree = "<group>"; };
		C048F08A1C3EB734007B5A81 /* Assets.xcassets */ = {isa = PBXFileReference; lastKnownFileType = folder.assetcatalog; path = Assets.xcassets; sourceTree = "<group>"; };
		C048F08F1C3EB734007B5A81 /* Info.plist */ = {isa = PBXFileReference; lastKnownFileType = text.plist.xml; path = Info.plist; sourceTree = "<group>"; };
/* End PBXFileReference section */

/* Begin PBXFrameworksBuildPhase section */
		7A7AA25E1C537EE10046BC16 /* Frameworks */ = {
			isa = PBXFrameworksBuildPhase;
			buildActionMask = 2147483647;
			files = (
			);
			runOnlyForDeploymentPostprocessing = 0;
		};
		C048F0781C3EB734007B5A81 /* Frameworks */ = {
			isa = PBXFrameworksBuildPhase;
			buildActionMask = 2147483647;
			files = (
			);
			runOnlyForDeploymentPostprocessing = 0;
		};
/* End PBXFrameworksBuildPhase section */

/* Begin PBXGroup section */
		7A7AA2621C537EE10046BC16 /* EmojiStringTests */ = {
			isa = PBXGroup;
			children = (
				7A7AA2631C537EE10046BC16 /* EmojiStringTests.m */,
				7A7AA2651C537EE10046BC16 /* Info.plist */,
			);
			path = EmojiStringTests;
			sourceTree = "<group>";
		};
		7AC978C61C52D45C00990846 /* Example */ = {
			isa = PBXGroup;
			children = (
				7AC978C71C52D45C00990846 /* EMOAppDelegate.h */,
				7AC978C81C52D45C00990846 /* EMOAppDelegate.m */,
				7AC978C91C52D45C00990846 /* EMOViewController.h */,
				7AC978CA1C52D45C00990846 /* EMOViewController.m */,
			);
			path = Example;
			sourceTree = "<group>";
		};
		7AC978CD1C52D46200990846 /* SearchEmojiOnString-iOS */ = {
			isa = PBXGroup;
			children = (
				7AC978CE1C52D46200990846 /* NSString+EMOEmoji.h */,
				7AC978CF1C52D46200990846 /* NSString+EMOEmoji.m */,
			);
			path = "SearchEmojiOnString-iOS";
			sourceTree = SOURCE_ROOT;
		};
		C048F0721C3EB734007B5A81 = {
			isa = PBXGroup;
			children = (
				C048F07D1C3EB734007B5A81 /* EmojiString */,
				7A7AA2621C537EE10046BC16 /* EmojiStringTests */,
				C048F07C1C3EB734007B5A81 /* Products */,
			);
			sourceTree = "<group>";
		};
		C048F07C1C3EB734007B5A81 /* Products */ = {
			isa = PBXGroup;
			children = (
				C048F07B1C3EB734007B5A81 /* EmojiString.app */,
				7A7AA2611C537EE10046BC16 /* EmojiStringTests.xctest */,
			);
			name = Products;
			sourceTree = "<group>";
		};
		C048F07D1C3EB734007B5A81 /* EmojiString */ = {
			isa = PBXGroup;
			children = (
				7AC978CD1C52D46200990846 /* SearchEmojiOnString-iOS */,
				7AC978C61C52D45C00990846 /* Example */,
				C048F0871C3EB734007B5A81 /* Main.storyboard */,
				C048F08A1C3EB734007B5A81 /* Assets.xcassets */,
				C048F08F1C3EB734007B5A81 /* Info.plist */,
				C048F07E1C3EB734007B5A81 /* Supporting Files */,
			);
			path = EmojiString;
			sourceTree = "<group>";
		};
		C048F07E1C3EB734007B5A81 /* Supporting Files */ = {
			isa = PBXGroup;
			children = (
				C048F07F1C3EB734007B5A81 /* main.m */,
			);
			name = "Supporting Files";
			sourceTree = "<group>";
		};
/* End PBXGroup section */

/* Begin PBXNativeTarget section */
		7A7AA2601C537EE10046BC16 /* EmojiStringTests */ = {
			isa = PBXNativeTarget;
			buildConfigurationList = 7A7AA2681C537EE10046BC16 /* Build configuration list for PBXNativeTarget "EmojiStringTests" */;
			buildPhases = (
				7A7AA25D1C537EE10046BC16 /* Sources */,
				7A7AA25E1C537EE10046BC16 /* Frameworks */,
				7A7AA25F1C537EE10046BC16 /* Resources */,
			);
			buildRules = (
			);
			dependencies = (
				7A7AA2671C537EE10046BC16 /* PBXTargetDependency */,
			);
			name = EmojiStringTests;
			productName = EmojiStringTests;
			productReference = 7A7AA2611C537EE10046BC16 /* EmojiStringTests.xctest */;
			productType = "com.apple.product-type.bundle.unit-test";
		};
		C048F07A1C3EB734007B5A81 /* EmojiString */ = {
			isa = PBXNativeTarget;
			buildConfigurationList = C048F0921C3EB734007B5A81 /* Build configuration list for PBXNativeTarget "EmojiString" */;
			buildPhases = (
				C048F0771C3EB734007B5A81 /* Sources */,
				C048F0781C3EB734007B5A81 /* Frameworks */,
				C048F0791C3EB734007B5A81 /* Resources */,
			);
			buildRules = (
			);
			dependencies = (
			);
			name = EmojiString;
			productName = EmojiString;
			productReference = C048F07B1C3EB734007B5A81 /* EmojiString.app */;
			productType = "com.apple.product-type.application";
		};
/* End PBXNativeTarget section */

/* Begin PBXProject section */
		C048F0731C3EB734007B5A81 /* Project object */ = {
			isa = PBXProject;
			attributes = {
				LastUpgradeCheck = 0710;
				ORGANIZATIONNAME = GabrielMassana;
				TargetAttributes = {
					7A7AA2601C537EE10046BC16 = {
						CreatedOnToolsVersion = 7.2;
						TestTargetID = C048F07A1C3EB734007B5A81;
					};
					C048F07A1C3EB734007B5A81 = {
						CreatedOnToolsVersion = 7.1.1;
					};
				};
			};
			buildConfigurationList = C048F0761C3EB734007B5A81 /* Build configuration list for PBXProject "EmojiString" */;
			compatibilityVersion = "Xcode 3.2";
			developmentRegion = English;
			hasScannedForEncodings = 0;
			knownRegions = (
				en,
				Base,
			);
			mainGroup = C048F0721C3EB734007B5A81;
			productRefGroup = C048F07C1C3EB734007B5A81 /* Products */;
			projectDirPath = "";
			projectRoot = "";
			targets = (
				C048F07A1C3EB734007B5A81 /* EmojiString */,
				7A7AA2601C537EE10046BC16 /* EmojiStringTests */,
			);
		};
/* End PBXProject section */

/* Begin PBXResourcesBuildPhase section */
		7A7AA25F1C537EE10046BC16 /* Resources */ = {
			isa = PBXResourcesBuildPhase;
			buildActionMask = 2147483647;
			files = (
			);
			runOnlyForDeploymentPostprocessing = 0;
		};
		C048F0791C3EB734007B5A81 /* Resources */ = {
			isa = PBXResourcesBuildPhase;
			buildActionMask = 2147483647;
			files = (
				C048F08B1C3EB734007B5A81 /* Assets.xcassets in Resources */,
				C048F0891C3EB734007B5A81 /* Main.storyboard in Resources */,
			);
			runOnlyForDeploymentPostprocessing = 0;
		};
/* End PBXResourcesBuildPhase section */

/* Begin PBXSourcesBuildPhase section */
		7A7AA25D1C537EE10046BC16 /* Sources */ = {
			isa = PBXSourcesBuildPhase;
			buildActionMask = 2147483647;
			files = (
				7A7AA2641C537EE10046BC16 /* EmojiStringTests.m in Sources */,
			);
			runOnlyForDeploymentPostprocessing = 0;
		};
		C048F0771C3EB734007B5A81 /* Sources */ = {
			isa = PBXSourcesBuildPhase;
			buildActionMask = 2147483647;
			files = (
				7AC978CB1C52D45C00990846 /* EMOAppDelegate.m in Sources */,
				C048F0801C3EB734007B5A81 /* main.m in Sources */,
				7AC978D01C52D46200990846 /* NSString+EMOEmoji.m in Sources */,
				7AC978CC1C52D45C00990846 /* EMOViewController.m in Sources */,
			);
			runOnlyForDeploymentPostprocessing = 0;
		};
/* End PBXSourcesBuildPhase section */

/* Begin PBXTargetDependency section */
		7A7AA2671C537EE10046BC16 /* PBXTargetDependency */ = {
			isa = PBXTargetDependency;
			target = C048F07A1C3EB734007B5A81 /* EmojiString */;
			targetProxy = 7A7AA2661C537EE10046BC16 /* PBXContainerItemProxy */;
		};
/* End PBXTargetDependency section */

/* Begin PBXVariantGroup section */
		C048F0871C3EB734007B5A81 /* Main.storyboard */ = {
			isa = PBXVariantGroup;
			children = (
				C048F0881C3EB734007B5A81 /* Base */,
			);
			name = Main.storyboard;
			sourceTree = "<group>";
		};
/* End PBXVariantGroup section */

/* Begin XCBuildConfiguration section */
		7A7AA2691C537EE10046BC16 /* Debug */ = {
			isa = XCBuildConfiguration;
			buildSettings = {
				BUNDLE_LOADER = "$(TEST_HOST)";
				"CODE_SIGN_IDENTITY[sdk=iphoneos*]" = "";
				DEFINES_MODULE = YES;
				INFOPLIST_FILE = EmojiStringTests/Info.plist;
				IPHONEOS_DEPLOYMENT_TARGET = 8.1;
				LD_RUNPATH_SEARCH_PATHS = "$(inherited) @executable_path/Frameworks @loader_path/Frameworks";
				PRODUCT_BUNDLE_IDENTIFIER = "Gabriel-Massana.EmojiStringTests";
				PRODUCT_NAME = "$(TARGET_NAME)";
				TEST_HOST = "$(BUILT_PRODUCTS_DIR)/EmojiString.app/EmojiString";
			};
			name = Debug;
		};
		7A7AA26A1C537EE10046BC16 /* Release */ = {
			isa = XCBuildConfiguration;
			buildSettings = {
				BUNDLE_LOADER = "$(TEST_HOST)";
				"CODE_SIGN_IDENTITY[sdk=iphoneos*]" = "";
				DEFINES_MODULE = YES;
				INFOPLIST_FILE = EmojiStringTests/Info.plist;
				IPHONEOS_DEPLOYMENT_TARGET = 8.1;
				LD_RUNPATH_SEARCH_PATHS = "$(inherited) @executable_path/Frameworks @loader_path/Frameworks";
				PRODUCT_BUNDLE_IDENTIFIER = "Gabriel-Massana.EmojiStringTests";
				PRODUCT_NAME = "$(TARGET_NAME)";
				TEST_HOST = "$(BUILT_PRODUCTS_DIR)/EmojiString.app/EmojiString";
			};
			name = Release;
		};
		C048F0901C3EB734007B5A81 /* Debug */ = {
			isa = XCBuildConfiguration;
			buildSettings = {
				ALWAYS_SEARCH_USER_PATHS = NO;
				CLANG_CXX_LANGUAGE_STANDARD = "gnu++0x";
				CLANG_CXX_LIBRARY = "libc++";
				CLANG_ENABLE_MODULES = YES;
				CLANG_ENABLE_OBJC_ARC = YES;
				CLANG_WARN_BOOL_CONVERSION = YES;
				CLANG_WARN_CONSTANT_CONVERSION = YES;
				CLANG_WARN_DIRECT_OBJC_ISA_USAGE = YES_ERROR;
				CLANG_WARN_EMPTY_BODY = YES;
				CLANG_WARN_ENUM_CONVERSION = YES;
				CLANG_WARN_INT_CONVERSION = YES;
				CLANG_WARN_OBJC_ROOT_CLASS = YES_ERROR;
				CLANG_WARN_UNREACHABLE_CODE = YES;
				CLANG_WARN__DUPLICATE_METHOD_MATCH = YES;
				"CODE_SIGN_IDENTITY[sdk=iphoneos*]" = "";
				COPY_PHASE_STRIP = NO;
				DEBUG_INFORMATION_FORMAT = dwarf;
				ENABLE_STRICT_OBJC_MSGSEND = YES;
				ENABLE_TESTABILITY = YES;
				GCC_C_LANGUAGE_STANDARD = gnu99;
				GCC_DYNAMIC_NO_PIC = NO;
				GCC_NO_COMMON_BLOCKS = YES;
				GCC_OPTIMIZATION_LEVEL = 0;
				GCC_PREPROCESSOR_DEFINITIONS = (
					"DEBUG=1",
					"$(inherited)",
				);
				GCC_WARN_64_TO_32_BIT_CONVERSION = YES;
				GCC_WARN_ABOUT_RETURN_TYPE = YES_ERROR;
				GCC_WARN_UNDECLARED_SELECTOR = YES;
				GCC_WARN_UNINITIALIZED_AUTOS = YES_AGGRESSIVE;
				GCC_WARN_UNUSED_FUNCTION = YES;
				GCC_WARN_UNUSED_VARIABLE = YES;
				IPHONEOS_DEPLOYMENT_TARGET = 8.0;
				MTL_ENABLE_DEBUG_INFO = YES;
				ONLY_ACTIVE_ARCH = YES;
				SDKROOT = iphoneos;
			};
			name = Debug;
		};
		C048F0911C3EB734007B5A81 /* Release */ = {
			isa = XCBuildConfiguration;
			buildSettings = {
				ALWAYS_SEARCH_USER_PATHS = NO;
				CLANG_CXX_LANGUAGE_STANDARD = "gnu++0x";
				CLANG_CXX_LIBRARY = "libc++";
				CLANG_ENABLE_MODULES = YES;
				CLANG_ENABLE_OBJC_ARC = YES;
				CLANG_WARN_BOOL_CONVERSION = YES;
				CLANG_WARN_CONSTANT_CONVERSION = YES;
				CLANG_WARN_DIRECT_OBJC_ISA_USAGE = YES_ERROR;
				CLANG_WARN_EMPTY_BODY = YES;
				CLANG_WARN_ENUM_CONVERSION = YES;
				CLANG_WARN_INT_CONVERSION = YES;
				CLANG_WARN_OBJC_ROOT_CLASS = YES_ERROR;
				CLANG_WARN_UNREACHABLE_CODE = YES;
				CLANG_WARN__DUPLICATE_METHOD_MATCH = YES;
				"CODE_SIGN_IDENTITY[sdk=iphoneos*]" = "";
				COPY_PHASE_STRIP = NO;
				DEBUG_INFORMATION_FORMAT = "dwarf-with-dsym";
				ENABLE_NS_ASSERTIONS = NO;
				ENABLE_STRICT_OBJC_MSGSEND = YES;
				GCC_C_LANGUAGE_STANDARD = gnu99;
				GCC_NO_COMMON_BLOCKS = YES;
				GCC_WARN_64_TO_32_BIT_CONVERSION = YES;
				GCC_WARN_ABOUT_RETURN_TYPE = YES_ERROR;
				GCC_WARN_UNDECLARED_SELECTOR = YES;
				GCC_WARN_UNINITIALIZED_AUTOS = YES_AGGRESSIVE;
				GCC_WARN_UNUSED_FUNCTION = YES;
				GCC_WARN_UNUSED_VARIABLE = YES;
				IPHONEOS_DEPLOYMENT_TARGET = 8.0;
				MTL_ENABLE_DEBUG_INFO = NO;
				SDKROOT = iphoneos;
				VALIDATE_PRODUCT = YES;
			};
			name = Release;
		};
		C048F0931C3EB734007B5A81 /* Debug */ = {
			isa = XCBuildConfiguration;
			buildSettings = {
				ASSETCATALOG_COMPILER_APPICON_NAME = AppIcon;
				ASSETCATALOG_COMPILER_LAUNCHIMAGE_NAME = "Brand Assets";
				CODE_SIGN_IDENTITY = "";
				"CODE_SIGN_IDENTITY[sdk=iphoneos*]" = "";
				DEFINES_MODULE = YES;
				INFOPLIST_FILE = EmojiString/Info.plist;
				IPHONEOS_DEPLOYMENT_TARGET = 8.0;
				LD_RUNPATH_SEARCH_PATHS = "$(inherited) @executable_path/Frameworks";
				PRODUCT_BUNDLE_IDENTIFIER = "Gabriel-Massana.EmojiString";
				PRODUCT_NAME = "$(TARGET_NAME)";
			};
			name = Debug;
		};
		C048F0941C3EB734007B5A81 /* Release */ = {
			isa = XCBuildConfiguration;
			buildSettings = {
				ASSETCATALOG_COMPILER_APPICON_NAME = AppIcon;
				ASSETCATALOG_COMPILER_LAUNCHIMAGE_NAME = "Brand Assets";
				CODE_SIGN_IDENTITY = "";
				"CODE_SIGN_IDENTITY[sdk=iphoneos*]" = "";
				DEFINES_MODULE = YES;
				INFOPLIST_FILE = EmojiString/Info.plist;
				IPHONEOS_DEPLOYMENT_TARGET = 8.0;
				LD_RUNPATH_SEARCH_PATHS = "$(inherited) @executable_path/Frameworks";
				PRODUCT_BUNDLE_IDENTIFIER = "Gabriel-Massana.EmojiString";
				PRODUCT_NAME = "$(TARGET_NAME)";
			};
			name = Release;
		};
/* End XCBuildConfiguration section */

/* Begin XCConfigurationList section */
		7A7AA2681C537EE10046BC16 /* Build configuration list for PBXNativeTarget "EmojiStringTests" */ = {
			isa = XCConfigurationList;
			buildConfigurations = (
				7A7AA2691C537EE10046BC16 /* Debug */,
				7A7AA26A1C537EE10046BC16 /* Release */,
			);
			defaultConfigurationIsVisible = 0;
			defaultConfigurationName = Release;
		};
		C048F0761C3EB734007B5A81 /* Build configuration list for PBXProject "EmojiString" */ = {
			isa = XCConfigurationList;
			buildConfigurations = (
				C048F0901C3EB734007B5A81 /* Debug */,
				C048F0911C3EB734007B5A81 /* Release */,
			);
			defaultConfigurationIsVisible = 0;
			defaultConfigurationName = Release;
		};
		C048F0921C3EB734007B5A81 /* Build configuration list for PBXNativeTarget "EmojiString" */ = {
			isa = XCConfigurationList;
			buildConfigurations = (
				C048F0931C3EB734007B5A81 /* Debug */,
				C048F0941C3EB734007B5A81 /* Release */,
			);
			defaultConfigurationIsVisible = 0;
			defaultConfigurationName = Release;
		};
/* End XCConfigurationList section */
	};
	rootObject = C048F0731C3EB734007B5A81 /* Project object */;
}
